
Microsoft Visual Studio Solution File, Format Version 12.00
# Visual Studio Version 16
VisualStudioVersion = 16.0.29609.76
MinimumVisualStudioVersion = 10.0.40219.1
Project("{FAE04EC0-301F-11D3-BF4B-00C04F79EFBC}") = "WebApplication3", "WebApplication3.csproj", "{0BD49C8F-9EBD-4F73-BFE3-03F446E66F27}"
EndProject
Global
	GlobalSection(SolutionConfigurationPlatforms) = preSolution
		Debug|Any CPU = Debug|Any CPU
		Release|Any CPU = Release|Any CPU
	EndGlobalSection
	GlobalSection(ProjectConfigurationPlatforms) = postSolution
		{0BD49C8F-9EBD-4F73-BFE3-03F446E66F27}.Debug|Any CPU.ActiveCfg = Debug|Any CPU
		{0BD49C8F-9EBD-4F73-BFE3-03F446E66F27}.Debug|Any CPU.Build.0 = Debug|Any CPU
		{0BD49C8F-9EBD-4F73-BFE3-03F446E66F27}.Release|Any CPU.ActiveCfg = Release|Any CPU
		{0BD49C8F-9EBD-4F73-BFE3-03F446E66F27}.Release|Any CPU.Build.0 = Release|Any CPU
	EndGlobalSection
	GlobalSection(SolutionProperties) = preSolution
		HideSolutionNode = FALSE
	EndGlobalSection
	GlobalSection(ExtensibilityGlobals) = postSolution
		SolutionGuid = {0C69BA36-392E-4CE1-A8D7-D7985CE0FE61}
	EndGlobalSection
EndGlobal
